
Microsoft Visual Studio Solution File, Format Version 12.00
# Visual Studio Version 17
VisualStudioVersion = 17.9.34622.214
MinimumVisualStudioVersion = 10.0.40219.1
Project("{FAE04EC0-301F-11D3-BF4B-00C04F79EFBC}") = "Banabet", "Banabet\Banabet.csproj", "{CD742C94-D5F2-49D0-B692-196BD87B642E}"
EndProject
Global
	GlobalSection(SolutionConfigurationPlatforms) = preSolution
		Debug|Any CPU = Debug|Any CPU
		Release|Any CPU = Release|Any CPU
	EndGlobalSection
	GlobalSection(ProjectConfigurationPlatforms) = postSolution
		{CD742C94-D5F2-49D0-B692-196BD87B642E}.Debug|Any CPU.ActiveCfg = Debug|Any CPU
		{CD742C94-D5F2-49D0-B692-196BD87B642E}.Debug|Any CPU.Build.0 = Debug|Any CPU
		{CD742C94-D5F2-49D0-B692-196BD87B642E}.Debug|Any CPU.Deploy.0 = Debug|Any CPU
		{CD742C94-D5F2-49D0-B692-196BD87B642E}.Release|Any CPU.ActiveCfg = Release|Any CPU
		{CD742C94-D5F2-49D0-B692-196BD87B642E}.Release|Any CPU.Build.0 = Release|Any CPU
		{CD742C94-D5F2-49D0-B692-196BD87B642E}.Release|Any CPU.Deploy.0 = Release|Any CPU
	EndGlobalSection
	GlobalSection(SolutionProperties) = preSolution
		HideSolutionNode = FALSE
	EndGlobalSection
	GlobalSection(ExtensibilityGlobals) = postSolution
		SolutionGuid = {0384FA2B-221D-46CF-84F0-EA9D41DE68F8}
	EndGlobalSection
EndGlobal
